
Microsoft Visual Studio Solution File, Format Version 11.00
# Visual Studio 2010
Project("{2150E333-8FDC-42A3-9474-1A3956D46DE8}") = "Test Data", "Test Data", "{51478D27-A80A-43DC-ABBE-5D173687AA47}"
	ProjectSection(SolutionItems) = preProject
		Test Data\GeoIP.dat = Test Data\GeoIP.dat
	EndProjectSection
EndProject
Project("{FAE04EC0-301F-11D3-BF4B-00C04F79EFBC}") = "MaxMind.GeoIP", "GeoIPSharp\MaxMind.GeoIP.csproj", "{773866BF-A192-44E7-9652-2350BE2E0B92}"
EndProject
Project("{FAE04EC0-301F-11D3-BF4B-00C04F79EFBC}") = "MaxMind.GeoIP.Tests", "MaxMind.GeoIP.Tests\MaxMind.GeoIP.Tests.csproj", "{9AE56B56-FA39-40F1-9F26-8EA65FB89795}"
EndProject
Global
	GlobalSection(SolutionConfigurationPlatforms) = preSolution
		Debug|Any CPU = Debug|Any CPU
		Release|Any CPU = Release|Any CPU
	EndGlobalSection
	GlobalSection(ProjectConfigurationPlatforms) = postSolution
		{773866BF-A192-44E7-9652-2350BE2E0B92}.Debug|Any CPU.ActiveCfg = Debug|Any CPU
		{773866BF-A192-44E7-9652-2350BE2E0B92}.Debug|Any CPU.Build.0 = Debug|Any CPU
		{773866BF-A192-44E7-9652-2350BE2E0B92}.Release|Any CPU.ActiveCfg = Release|Any CPU
		{773866BF-A192-44E7-9652-2350BE2E0B92}.Release|Any CPU.Build.0 = Release|Any CPU
		{9AE56B56-FA39-40F1-9F26-8EA65FB89795}.Debug|Any CPU.ActiveCfg = Debug|Any CPU
		{9AE56B56-FA39-40F1-9F26-8EA65FB89795}.Debug|Any CPU.Build.0 = Debug|Any CPU
		{9AE56B56-FA39-40F1-9F26-8EA65FB89795}.Release|Any CPU.ActiveCfg = Release|Any CPU
		{9AE56B56-FA39-40F1-9F26-8EA65FB89795}.Release|Any CPU.Build.0 = Release|Any CPU
	EndGlobalSection
	GlobalSection(SolutionProperties) = preSolution
		HideSolutionNode = FALSE
	EndGlobalSection
	GlobalSection(ExtensibilityGlobals) = postSolution
		VisualSVNWorkingCopyRoot = .
	EndGlobalSection
EndGlobal
